
Microsoft Visual Studio Solution File, Format Version 12.00
# Visual Studio 2015
Project("{FAE04EC0-301F-11D3-BF4B-00C04F79EFBC}") = "Settlers", "Settlers.csproj", "{39382F23-1977-B748-992B-BCC0ED351448}"
EndProject
Global
	GlobalSection(SolutionConfigurationPlatforms) = preSolution
		Debug|Any CPU = Debug|Any CPU
		Release|Any CPU = Release|Any CPU
	EndGlobalSection
	GlobalSection(ProjectConfigurationPlatforms) = postSolution
		{39382F23-1977-B748-992B-BCC0ED351448}.Debug|Any CPU.ActiveCfg = Debug|Any CPU
		{39382F23-1977-B748-992B-BCC0ED351448}.Debug|Any CPU.Build.0 = Debug|Any CPU
		{39382F23-1977-B748-992B-BCC0ED351448}.Release|Any CPU.ActiveCfg = Release|Any CPU
		{39382F23-1977-B748-992B-BCC0ED351448}.Release|Any CPU.Build.0 = Release|Any CPU
	EndGlobalSection
	GlobalSection(SolutionProperties) = preSolution
		HideSolutionNode = FALSE
	EndGlobalSection
EndGlobal
